
Microsoft Visual Studio Solution File, Format Version 12.00
# Visual Studio Version 17
VisualStudioVersion = 17.10.34928.147
MinimumVisualStudioVersion = 10.0.40219.1
Project("{FAE04EC0-301F-11D3-BF4B-00C04F79EFBC}") = "WpfVelopack.Wpf", "WpfVelopack.Wpf\WpfVelopack.Wpf.csproj", "{D3016F24-389B-4CE4-A372-4E0101F97F95}"
EndProject
Global
	GlobalSection(SolutionConfigurationPlatforms) = preSolution
		Debug|Any CPU = Debug|Any CPU
		Release|Any CPU = Release|Any CPU
	EndGlobalSection
	GlobalSection(ProjectConfigurationPlatforms) = postSolution
		{D3016F24-389B-4CE4-A372-4E0101F97F95}.Debug|Any CPU.ActiveCfg = Debug|Any CPU
		{D3016F24-389B-4CE4-A372-4E0101F97F95}.Debug|Any CPU.Build.0 = Debug|Any CPU
		{D3016F24-389B-4CE4-A372-4E0101F97F95}.Release|Any CPU.ActiveCfg = Release|Any CPU
		{D3016F24-389B-4CE4-A372-4E0101F97F95}.Release|Any CPU.Build.0 = Release|Any CPU
	EndGlobalSection
	GlobalSection(SolutionProperties) = preSolution
		HideSolutionNode = FALSE
	EndGlobalSection
	GlobalSection(ExtensibilityGlobals) = postSolution
		SolutionGuid = {1610B55C-6166-4112-9C9F-D6E70D40D1F8}
	EndGlobalSection
EndGlobal
